// !$*UTF8*$!
{
	archiveVersion = 1;
	classes = {
	};
	objectVersion = 46;
	objects = {

/* Begin PBXBuildFile section */
		D9E6250E1B6A456F00AEB413 /* main.m in Sources */ = {isa = PBXBuildFile; fileRef = D9E6250D1B6A456F00AEB413 /* main.m */; };
		D9E625111B6A456F00AEB413 /* AppDelegate.m in Sources */ = {isa = PBXBuildFile; fileRef = D9E625101B6A456F00AEB413 /* AppDelegate.m */; };
		D9E625141B6A456F00AEB413 /* ViewController.m in Sources */ = {isa = PBXBuildFile; fileRef = D9E625131B6A456F00AEB413 /* ViewController.m */; };
		D9E625171B6A456F00AEB413 /* Main.storyboard in Resources */ = {isa = PBXBuildFile; fileRef = D9E625151B6A456F00AEB413 /* Main.storyboard */; };
		D9E625191B6A456F00AEB413 /* Images.xcassets in Resources */ = {isa = PBXBuildFile; fileRef = D9E625181B6A456F00AEB413 /* Images.xcassets */; };
		D9E6251C1B6A456F00AEB413 /* LaunchScreen.xib in Resources */ = {isa = PBXBuildFile; fileRef = D9E6251A1B6A456F00AEB413 /* LaunchScreen.xib */; };
		D9E625281B6A456F00AEB413 /* BreakOutGameTests.m in Sources */ = {isa = PBXBuildFile; fileRef = D9E625271B6A456F00AEB413 /* BreakOutGameTests.m */; };
/* End PBXBuildFile section */

/* Begin PBXContainerItemProxy section */
		D9E625221B6A456F00AEB413 /* PBXContainerItemProxy */ = {
			isa = PBXContainerItemProxy;
			containerPortal = D9E625001B6A456F00AEB413 /* Project object */;
			proxyType = 1;
			remoteGlobalIDString = D9E625071B6A456F00AEB413;
			remoteInfo = BreakOutGame;
		};
/* End PBXContainerItemProxy section */

/* Begin PBXFileReference section */
		D9E625081B6A456F00AEB413 /* BreakOutGame.app */ = {isa = PBXFileReference; explicitFileType = wrapper.application; includeInIndex = 0; path = BreakOutGame.app; sourceTree = BUILT_PRODUCTS_DIR; };
		D9E6250C1B6A456F00AEB413 /* Info.plist */ = {isa = PBXFileReference; lastKnownFileType = text.plist.xml; path = Info.plist; sourceTree = "<group>"; };
		D9E6250D1B6A456F00AEB413 /* main.m */ = {isa = PBXFileReference; lastKnownFileType = sourcecode.c.objc; path = main.m; sourceTree = "<group>"; };
		D9E6250F1B6A456F00AEB413 /* AppDelegate.h */ = {isa = PBXFileReference; lastKnownFileType = sourcecode.c.h; path = AppDelegate.h; sourceTree = "<group>"; };
		D9E625101B6A456F00AEB413 /* AppDelegate.m */ = {isa = PBXFileReference; lastKnownFileType = sourcecode.c.objc; path = AppDelegate.m; sourceTree = "<group>"; };
		D9E625121B6A456F00AEB413 /* ViewController.h */ = {isa = PBXFileReference; lastKnownFileType = sourcecode.c.h; path = ViewController.h; sourceTree = "<group>"; };
		D9E625131B6A456F00AEB413 /* ViewController.m */ = {isa = PBXFileReference; lastKnownFileType = sourcecode.c.objc; path = ViewController.m; sourceTree = "<group>"; };
		D9E625161B6A456F00AEB413 /* Base */ = {isa = PBXFileReference; lastKnownFileType = file.storyboard; name = Base; path = Base.lproj/Main.storyboard; sourceTree = "<group>"; };
		D9E625181B6A456F00AEB413 /* Images.xcassets */ = {isa = PBXFileReference; lastKnownFileType = folder.assetcatalog; path = Images.xcassets; sourceTree = "<group>"; };
		D9E6251B1B6A456F00AEB413 /* Base */ = {isa = PBXFileReference; lastKnownFileType = file.xib; name = Base; path = Base.lproj/LaunchScreen.xib; sourceTree = "<group>"; };
		D9E625211B6A456F00AEB413 /* BreakOutGameTests.xctest */ = {isa = PBXFileReference; explicitFileType = wrapper.cfbundle; includeInIndex = 0; path = BreakOutGameTests.xctest; sourceTree = BUILT_PRODUCTS_DIR; };
		D9E625261B6A456F00AEB413 /* Info.plist */ = {isa = PBXFileReference; lastKnownFileType = text.plist.xml; path = Info.plist; sourceTree = "<group>"; };
		D9E625271B6A456F00AEB413 /* BreakOutGameTests.m */ = {isa = PBXFileReference; lastKnownFileType = sourcecode.c.objc; path = BreakOutGameTests.m; sourceTree = "<group>"; };
/* End PBXFileReference section */

/* Begin PBXFrameworksBuildPhase section */
		D9E625051B6A456F00AEB413 /* Frameworks */ = {
			isa = PBXFrameworksBuildPhase;
			buildActionMask = 2147483647;
			files = (
			);
			runOnlyForDeploymentPostprocessing = 0;
		};
		D9E6251E1B6A456F00AEB413 /* Frameworks */ = {
			isa = PBXFrameworksBuildPhase;
			buildActionMask = 2147483647;
			files = (
			);
			runOnlyForDeploymentPostprocessing = 0;
		};
/* End PBXFrameworksBuildPhase section */

/* Begin PBXGroup section */
		D9E624FF1B6A456F00AEB413 = {
			isa = PBXGroup;
			children = (
				D9E6250A1B6A456F00AEB413 /* BreakOutGame */,
				D9E625241B6A456F00AEB413 /* BreakOutGameTests */,
				D9E625091B6A456F00AEB413 /* Products */,
			);
			sourceTree = "<group>";
		};
		D9E625091B6A456F00AEB413 /* Products */ = {
			isa = PBXGroup;
			children = (
				D9E625081B6A456F00AEB413 /* BreakOutGame.app */,
				D9E625211B6A456F00AEB413 /* BreakOutGameTests.xctest */,
			);
			name = Products;
			sourceTree = "<group>";
		};
		D9E6250A1B6A456F00AEB413 /* BreakOutGame */ = {
			isa = PBXGroup;
			children = (
				D9E6250F1B6A456F00AEB413 /* AppDelegate.h */,
				D9E625101B6A456F00AEB413 /* AppDelegate.m */,
				D9E625121B6A456F00AEB413 /* ViewController.h */,
				D9E625131B6A456F00AEB413 /* ViewController.m */,
				D9E625151B6A456F00AEB413 /* Main.storyboard */,
				D9E625181B6A456F00AEB413 /* Images.xcassets */,
				D9E6251A1B6A456F00AEB413 /* LaunchScreen.xib */,
				D9E6250B1B6A456F00AEB413 /* Supporting Files */,
			);
			path = BreakOutGame;
			sourceTree = "<group>";
		};
		D9E6250B1B6A456F00AEB413 /* Supporting Files */ = {
			isa = PBXGroup;
			children = (
				D9E6250C1B6A456F00AEB413 /* Info.plist */,
				D9E6250D1B6A456F00AEB413 /* main.m */,
			);
			name = "Supporting Files";
			sourceTree = "<group>";
		};
		D9E625241B6A456F00AEB413 /* BreakOutGameTests */ = {
			isa = PBXGroup;
			children = (
				D9E625271B6A456F00AEB413 /* BreakOutGameTests.m */,
				D9E625251B6A456F00AEB413 /* Supporting Files */,
			);
			path = BreakOutGameTests;
			sourceTree = "<group>";
		};
		D9E625251B6A456F00AEB413 /* Supporting Files */ = {
			isa = PBXGroup;
			children = (
				D9E625261B6A456F00AEB413 /* Info.plist */,
			);
			name = "Supporting Files";
			sourceTree = "<group>";
		};
/* End PBXGroup section */

/* Begin PBXNativeTarget section */
		D9E625071B6A456F00AEB413 /* BreakOutGame */ = {
			isa = PBXNativeTarget;
			buildConfigurationList = D9E6252B1B6A456F00AEB413 /* Build configuration list for PBXNativeTarget "BreakOutGame" */;
			buildPhases = (
				D9E625041B6A456F00AEB413 /* Sources */,
				D9E625051B6A456F00AEB413 /* Frameworks */,
				D9E625061B6A456F00AEB413 /* Resources */,
			);
			buildRules = (
			);
			dependencies = (
			);
			name = BreakOutGame;
			productName = BreakOutGame;
			productReference = D9E625081B6A456F00AEB413 /* BreakOutGame.app */;
			productType = "com.apple.product-type.application";
		};
		D9E625201B6A456F00AEB413 /* BreakOutGameTests */ = {
			isa = PBXNativeTarget;
			buildConfigurationList = D9E6252E1B6A456F00AEB413 /* Build configuration list for PBXNativeTarget "BreakOutGameTests" */;
			buildPhases = (
				D9E6251D1B6A456F00AEB413 /* Sources */,
				D9E6251E1B6A456F00AEB413 /* Frameworks */,
				D9E6251F1B6A456F00AEB413 /* Resources */,
			);
			buildRules = (
			);
			dependencies = (
				D9E625231B6A456F00AEB413 /* PBXTargetDependency */,
			);
			name = BreakOutGameTests;
			productName = BreakOutGameTests;
			productReference = D9E625211B6A456F00AEB413 /* BreakOutGameTests.xctest */;
			productType = "com.apple.product-type.bundle.unit-test";
		};
/* End PBXNativeTarget section */

/* Begin PBXProject section */
		D9E625001B6A456F00AEB413 /* Project object */ = {
			isa = PBXProject;
			attributes = {
				LastUpgradeCheck = 0630;
				ORGANIZATIONNAME = "Nguyen Thanh Tung";
				TargetAttributes = {
					D9E625071B6A456F00AEB413 = {
						CreatedOnToolsVersion = 6.3.1;
					};
					D9E625201B6A456F00AEB413 = {
						CreatedOnToolsVersion = 6.3.1;
						TestTargetID = D9E625071B6A456F00AEB413;
					};
				};
			};
			buildConfigurationList = D9E625031B6A456F00AEB413 /* Build configuration list for PBXProject "BreakOutGame" */;
			compatibilityVersion = "Xcode 3.2";
			developmentRegion = English;
			hasScannedForEncodings = 0;
			knownRegions = (
				en,
				Base,
			);
			mainGroup = D9E624FF1B6A456F00AEB413;
			productRefGroup = D9E625091B6A456F00AEB413 /* Products */;
			projectDirPath = "";
			projectRoot = "";
			targets = (
				D9E625071B6A456F00AEB413 /* BreakOutGame */,
				D9E625201B6A456F00AEB413 /* BreakOutGameTests */,
			);
		};
/* End PBXProject section */

/* Begin PBXResourcesBuildPhase section */
		D9E625061B6A456F00AEB413 /* Resources */ = {
			isa = PBXResourcesBuildPhase;
			buildActionMask = 2147483647;
			files = (
				D9E625171B6A456F00AEB413 /* Main.storyboard in Resources */,
				D9E6251C1B6A456F00AEB413 /* LaunchScreen.xib in Resources */,
				D9E625191B6A456F00AEB413 /* Images.xcassets in Resources */,
			);
			runOnlyForDeploymentPostprocessing = 0;
		};
		D9E6251F1B6A456F00AEB413 /* Resources */ = {
			isa = PBXResourcesBuildPhase;
			buildActionMask = 2147483647;
			files = (
			);
			runOnlyForDeploymentPostprocessing = 0;
		};
/* End PBXResourcesBuildPhase section */

/* Begin PBXSourcesBuildPhase section */
		D9E625041B6A456F00AEB413 /* Sources */ = {
			isa = PBXSourcesBuildPhase;
			buildActionMask = 2147483647;
			files = (
				D9E625141B6A456F00AEB413 /* ViewController.m in Sources */,
				D9E625111B6A456F00AEB413 /* AppDelegate.m in Sources */,
				D9E6250E1B6A456F00AEB413 /* main.m in Sources */,
			);
			runOnlyForDeploymentPostprocessing = 0;
		};
		D9E6251D1B6A456F00AEB413 /* Sources */ = {
			isa = PBXSourcesBuildPhase;
			buildActionMask = 2147483647;
			files = (
				D9E625281B6A456F00AEB413 /* BreakOutGameTests.m in Sources */,
			);
			runOnlyForDeploymentPostprocessing = 0;
		};
/* End PBXSourcesBuildPhase section */

/* Begin PBXTargetDependency section */
		D9E625231B6A456F00AEB413 /* PBXTargetDependency */ = {
			isa = PBXTargetDependency;
			target = D9E625071B6A456F00AEB413 /* BreakOutGame */;
			targetProxy = D9E625221B6A456F00AEB413 /* PBXContainerItemProxy */;
		};
/* End PBXTargetDependency section */

/* Begin PBXVariantGroup section */
		D9E625151B6A456F00AEB413 /* Main.storyboard */ = {
			isa = PBXVariantGroup;
			children = (
				D9E625161B6A456F00AEB413 /* Base */,
			);
			name = Main.storyboard;
			sourceTree = "<group>";
		};
		D9E6251A1B6A456F00AEB413 /* LaunchScreen.xib */ = {
			isa = PBXVariantGroup;
			children = (
				D9E6251B1B6A456F00AEB413 /* Base */,
			);
			name = LaunchScreen.xib;
			sourceTree = "<group>";
		};
/* End PBXVariantGroup section */

/* Begin XCBuildConfiguration section */
		D9E625291B6A456F00AEB413 /* Debug */ = {
			isa = XCBuildConfiguration;
			buildSettings = {
				ALWAYS_SEARCH_USER_PATHS = NO;
				CLANG_CXX_LANGUAGE_STANDARD = "gnu++0x";
				CLANG_CXX_LIBRARY = "libc++";
				CLANG_ENABLE_MODULES = YES;
				CLANG_ENABLE_OBJC_ARC = YES;
				CLANG_WARN_BOOL_CONVERSION = YES;
				CLANG_WARN_CONSTANT_CONVERSION = YES;
				CLANG_WARN_DIRECT_OBJC_ISA_USAGE = YES_ERROR;
				CLANG_WARN_EMPTY_BODY = YES;
				CLANG_WARN_ENUM_CONVERSION = YES;
				CLANG_WARN_INT_CONVERSION = YES;
				CLANG_WARN_OBJC_ROOT_CLASS = YES_ERROR;
				CLANG_WARN_UNREACHABLE_CODE = YES;
				CLANG_WARN__DUPLICATE_METHOD_MATCH = YES;
				"CODE_SIGN_IDENTITY[sdk=iphoneos*]" = "iPhone Developer";
				COPY_PHASE_STRIP = NO;
				DEBUG_INFORMATION_FORMAT = "dwarf-with-dsym";
				ENABLE_STRICT_OBJC_MSGSEND = YES;
				GCC_C_LANGUAGE_STANDARD = gnu99;
				GCC_DYNAMIC_NO_PIC = NO;
				GCC_NO_COMMON_BLOCKS = YES;
				GCC_OPTIMIZATION_LEVEL = 0;
				GCC_PREPROCESSOR_DEFINITIONS = (
					"DEBUG=1",
					"$(inherited)",
				);
				GCC_SYMBOLS_PRIVATE_EXTERN = NO;
				GCC_WARN_64_TO_32_BIT_CONVERSION = YES;
				GCC_WARN_ABOUT_RETURN_TYPE = YES_ERROR;
				GCC_WARN_UNDECLARED_SELECTOR = YES;
				GCC_WARN_UNINITIALIZED_AUTOS = YES_AGGRESSIVE;
				GCC_WARN_UNUSED_FUNCTION = YES;
				GCC_WARN_UNUSED_VARIABLE = YES;
				IPHONEOS_DEPLOYMENT_TARGET = 8.3;
				MTL_ENABLE_DEBUG_INFO = YES;
				ONLY_ACTIVE_ARCH = YES;
				SDKROOT = iphoneos;
			};
			name = Debug;
		};
		D9E6252A1B6A456F00AEB413 /* Release */ = {
			isa = XCBuildConfiguration;
			buildSettings = {
				ALWAYS_SEARCH_USER_PATHS = NO;
				CLANG_CXX_LANGUAGE_STANDARD = "gnu++0x";
				CLANG_CXX_LIBRARY = "libc++";
				CLANG_ENABLE_MODULES = YES;
				CLANG_ENABLE_OBJC_ARC = YES;
				CLANG_WARN_BOOL_CONVERSION = YES;
				CLANG_WARN_CONSTANT_CONVERSION = YES;
				CLANG_WARN_DIRECT_OBJC_ISA_USAGE = YES_ERROR;
				CLANG_WARN_EMPTY_BODY = YES;
				CLANG_WARN_ENUM_CONVERSION = YES;
				CLANG_WARN_INT_CONVERSION = YES;
				CLANG_WARN_OBJC_ROOT_CLASS = YES_ERROR;
				CLANG_WARN_UNREACHABLE_CODE = YES;
				CLANG_WARN__DUPLICATE_METHOD_MATCH = YES;
				"CODE_SIGN_IDENTITY[sdk=iphoneos*]" = "iPhone Developer";
				COPY_PHASE_STRIP = NO;
				DEBUG_INFORMATION_FORMAT = "dwarf-with-dsym";
				ENABLE_NS_ASSERTIONS = NO;
				ENABLE_STRICT_OBJC_MSGSEND = YES;
				GCC_C_LANGUAGE_STANDARD = gnu99;
				GCC_NO_COMMON_BLOCKS = YES;
				GCC_WARN_64_TO_32_BIT_CONVERSION = YES;
				GCC_WARN_ABOUT_RETURN_TYPE = YES_ERROR;
				GCC_WARN_UNDECLARED_SELECTOR = YES;
				GCC_WARN_UNINITIALIZED_AUTOS = YES_AGGRESSIVE;
				GCC_WARN_UNUSED_FUNCTION = YES;
				GCC_WARN_UNUSED_VARIABLE = YES;
				IPHONEOS_DEPLOYMENT_TARGET = 8.3;
				MTL_ENABLE_DEBUG_INFO = NO;
				SDKROOT = iphoneos;
				VALIDATE_PRODUCT = YES;
			};
			name = Release;
		};
		D9E6252C1B6A456F00AEB413 /* Debug */ = {
			isa = XCBuildConfiguration;
			buildSettings = {
				ASSETCATALOG_COMPILER_APPICON_NAME = AppIcon;
				INFOPLIST_FILE = BreakOutGame/Info.plist;
				LD_RUNPATH_SEARCH_PATHS = "$(inherited) @executable_path/Frameworks";
				PRODUCT_NAME = "$(TARGET_NAME)";
			};
			name = Debug;
		};
		D9E6252D1B6A456F00AEB413 /* Release */ = {
			isa = XCBuildConfiguration;
			buildSettings = {
				ASSETCATALOG_COMPILER_APPICON_NAME = AppIcon;
				INFOPLIST_FILE = BreakOutGame/Info.plist;
				LD_RUNPATH_SEARCH_PATHS = "$(inherited) @executable_path/Frameworks";
				PRODUCT_NAME = "$(TARGET_NAME)";
			};
			name = Release;
		};
		D9E6252F1B6A456F00AEB413 /* Debug */ = {
			isa = XCBuildConfiguration;
			buildSettings = {
				BUNDLE_LOADER = "$(TEST_HOST)";
				FRAMEWORK_SEARCH_PATHS = (
					"$(SDKROOT)/Developer/Library/Frameworks",
					"$(inherited)",
				);
				GCC_PREPROCESSOR_DEFINITIONS = (
					"DEBUG=1",
					"$(inherited)",
				);
				INFOPLIST_FILE = BreakOutGameTests/Info.plist;
				LD_RUNPATH_SEARCH_PATHS = "$(inherited) @executable_path/Frameworks @loader_path/Frameworks";
				PRODUCT_NAME = "$(TARGET_NAME)";
				TEST_HOST = "$(BUILT_PRODUCTS_DIR)/BreakOutGame.app/BreakOutGame";
			};
			name = Debug;
		};
		D9E625301B6A456F00AEB413 /* Release */ = {
			isa = XCBuildConfiguration;
			buildSettings = {
				BUNDLE_LOADER = "$(TEST_HOST)";
				FRAMEWORK_SEARCH_PATHS = (
					"$(SDKROOT)/Developer/Library/Frameworks",
					"$(inherited)",
				);
				INFOPLIST_FILE = BreakOutGameTests/Info.plist;
				LD_RUNPATH_SEARCH_PATHS = "$(inherited) @executable_path/Frameworks @loader_path/Frameworks";
				PRODUCT_NAME = "$(TARGET_NAME)";
				TEST_HOST = "$(BUILT_PRODUCTS_DIR)/BreakOutGame.app/BreakOutGame";
			};
			name = Release;
		};
/* End XCBuildConfiguration section */

/* Begin XCConfigurationList section */
		D9E625031B6A456F00AEB413 /* Build configuration list for PBXProject "BreakOutGame" */ = {
			isa = XCConfigurationList;
			buildConfigurations = (
				D9E625291B6A456F00AEB413 /* Debug */,
				D9E6252A1B6A456F00AEB413 /* Release */,
			);
			defaultConfigurationIsVisible = 0;
			defaultConfigurationName = Release;
		};
		D9E6252B1B6A456F00AEB413 /* Build configuration list for PBXNativeTarget "BreakOutGame" */ = {
			isa = XCConfigurationList;
			buildConfigurations = (
				D9E6252C1B6A456F00AEB413 /* Debug */,
				D9E6252D1B6A456F00AEB413 /* Release */,
			);
			defaultConfigurationIsVisible = 0;
		};
		D9E6252E1B6A456F00AEB413 /* Build configuration list for PBXNativeTarget "BreakOutGameTests" */ = {
			isa = XCConfigurationList;
			buildConfigurations = (
				D9E6252F1B6A456F00AEB413 /* Debug */,
				D9E625301B6A456F00AEB413 /* Release */,
			);
			defaultConfigurationIsVisible = 0;
		};
/* End XCConfigurationList section */
	};
	rootObject = D9E625001B6A456F00AEB413 /* Project object */;
}
